
Microsoft Visual Studio Solution File, Format Version 12.00
# Visual Studio 15
VisualStudioVersion = 15.0.27004.2009
MinimumVisualStudioVersion = 10.0.40219.1
Project("{FAE04EC0-301F-11D3-BF4B-00C04F79EFBC}") = "L28_Abstract_Classes_and_Members", "L28_Abstract_Classes_and_Members\L28_Abstract_Classes_and_Members.csproj", "{9D5BD621-6A45-4077-91EF-428A34D03713}"
EndProject
Global
	GlobalSection(SolutionConfigurationPlatforms) = preSolution
		Debug|Any CPU = Debug|Any CPU
		Release|Any CPU = Release|Any CPU
	EndGlobalSection
	GlobalSection(ProjectConfigurationPlatforms) = postSolution
		{9D5BD621-6A45-4077-91EF-428A34D03713}.Debug|Any CPU.ActiveCfg = Debug|Any CPU
		{9D5BD621-6A45-4077-91EF-428A34D03713}.Debug|Any CPU.Build.0 = Debug|Any CPU
		{9D5BD621-6A45-4077-91EF-428A34D03713}.Release|Any CPU.ActiveCfg = Release|Any CPU
		{9D5BD621-6A45-4077-91EF-428A34D03713}.Release|Any CPU.Build.0 = Release|Any CPU
	EndGlobalSection
	GlobalSection(SolutionProperties) = preSolution
		HideSolutionNode = FALSE
	EndGlobalSection
	GlobalSection(ExtensibilityGlobals) = postSolution
		SolutionGuid = {5682CBF3-C964-49B6-8E9B-471689C8BCE9}
	EndGlobalSection
EndGlobal
