
Microsoft Visual Studio Solution File, Format Version 12.00
# Visual Studio 15
VisualStudioVersion = 15.0.27004.2009
MinimumVisualStudioVersion = 10.0.40219.1
Project("{FAE04EC0-301F-11D3-BF4B-00C04F79EFBC}") = "L7_Constructors", "L7_Constructors\L7_Constructors.csproj", "{E1BB3E2D-5BF1-4C3D-8138-86AF233196C9}"
EndProject
Global
	GlobalSection(SolutionConfigurationPlatforms) = preSolution
		Debug|Any CPU = Debug|Any CPU
		Release|Any CPU = Release|Any CPU
	EndGlobalSection
	GlobalSection(ProjectConfigurationPlatforms) = postSolution
		{E1BB3E2D-5BF1-4C3D-8138-86AF233196C9}.Debug|Any CPU.ActiveCfg = Debug|Any CPU
		{E1BB3E2D-5BF1-4C3D-8138-86AF233196C9}.Debug|Any CPU.Build.0 = Debug|Any CPU
		{E1BB3E2D-5BF1-4C3D-8138-86AF233196C9}.Release|Any CPU.ActiveCfg = Release|Any CPU
		{E1BB3E2D-5BF1-4C3D-8138-86AF233196C9}.Release|Any CPU.Build.0 = Release|Any CPU
	EndGlobalSection
	GlobalSection(SolutionProperties) = preSolution
		HideSolutionNode = FALSE
	EndGlobalSection
	GlobalSection(ExtensibilityGlobals) = postSolution
		SolutionGuid = {B7B59C93-9959-44B0-B41D-7B05DB18DD92}
	EndGlobalSection
EndGlobal
