
Microsoft Visual Studio Solution File, Format Version 12.00
# Visual Studio 15
VisualStudioVersion = 15.0.27004.2009
MinimumVisualStudioVersion = 10.0.40219.1
Project("{FAE04EC0-301F-11D3-BF4B-00C04F79EFBC}") = "L24_Boxing_Unboxing", "L24_Boxing_Unboxing\L24_Boxing_Unboxing.csproj", "{883F3348-981C-42CC-8A70-0C78E5048029}"
EndProject
Global
	GlobalSection(SolutionConfigurationPlatforms) = preSolution
		Debug|Any CPU = Debug|Any CPU
		Release|Any CPU = Release|Any CPU
	EndGlobalSection
	GlobalSection(ProjectConfigurationPlatforms) = postSolution
		{883F3348-981C-42CC-8A70-0C78E5048029}.Debug|Any CPU.ActiveCfg = Debug|Any CPU
		{883F3348-981C-42CC-8A70-0C78E5048029}.Debug|Any CPU.Build.0 = Debug|Any CPU
		{883F3348-981C-42CC-8A70-0C78E5048029}.Release|Any CPU.ActiveCfg = Release|Any CPU
		{883F3348-981C-42CC-8A70-0C78E5048029}.Release|Any CPU.Build.0 = Release|Any CPU
	EndGlobalSection
	GlobalSection(SolutionProperties) = preSolution
		HideSolutionNode = FALSE
	EndGlobalSection
	GlobalSection(ExtensibilityGlobals) = postSolution
		SolutionGuid = {0A46EC69-2BBF-4829-B304-91B1AE7E99DE}
	EndGlobalSection
EndGlobal
