
Microsoft Visual Studio Solution File, Format Version 12.00
# Visual Studio 15
VisualStudioVersion = 15.0.27004.2009
MinimumVisualStudioVersion = 10.0.40219.1
Project("{FAE04EC0-301F-11D3-BF4B-00C04F79EFBC}") = "L13_Indexers", "L13_Indexers\L13_Indexers.csproj", "{68BFE108-2D51-4B2B-B3FA-60EC2EC4DB06}"
EndProject
Global
	GlobalSection(SolutionConfigurationPlatforms) = preSolution
		Debug|Any CPU = Debug|Any CPU
		Release|Any CPU = Release|Any CPU
	EndGlobalSection
	GlobalSection(ProjectConfigurationPlatforms) = postSolution
		{68BFE108-2D51-4B2B-B3FA-60EC2EC4DB06}.Debug|Any CPU.ActiveCfg = Debug|Any CPU
		{68BFE108-2D51-4B2B-B3FA-60EC2EC4DB06}.Debug|Any CPU.Build.0 = Debug|Any CPU
		{68BFE108-2D51-4B2B-B3FA-60EC2EC4DB06}.Release|Any CPU.ActiveCfg = Release|Any CPU
		{68BFE108-2D51-4B2B-B3FA-60EC2EC4DB06}.Release|Any CPU.Build.0 = Release|Any CPU
	EndGlobalSection
	GlobalSection(SolutionProperties) = preSolution
		HideSolutionNode = FALSE
	EndGlobalSection
	GlobalSection(ExtensibilityGlobals) = postSolution
		SolutionGuid = {2194BE66-73F9-43A7-8024-21E33436EB83}
	EndGlobalSection
EndGlobal
